
Microsoft Visual Studio Solution File, Format Version 12.00
Project("{FAE04EC0-301F-11D3-BF4B-00C04F79EFBC}") = "LBPUnion.AgentWashington", "LBPUnion.AgentWashington\LBPUnion.AgentWashington.csproj", "{E687DC53-CC13-4E3A-8A25-134A109A98A4}"
EndProject
Project("{2150E333-8FDC-42A3-9474-1A3956D46DE8}") = "Repository Root", "Repository Root", "{34DE0A9B-6BF2-4217-9B6C-155070DB026F}"
ProjectSection(SolutionItems) = preProject
	..\LICENSE = ..\LICENSE
	..\README.md = ..\README.md
EndProjectSection
EndProject
Project("{2150E333-8FDC-42A3-9474-1A3956D46DE8}") = "GitHub Actions", "GitHub Actions", "{22CC7715-F536-482C-A883-62AEB71F277E}"
ProjectSection(SolutionItems) = preProject
	..\.github\workflows\deploy-bot.yml = ..\.github\workflows\deploy-bot.yml
EndProjectSection
EndProject
Global
	GlobalSection(SolutionConfigurationPlatforms) = preSolution
		Debug|Any CPU = Debug|Any CPU
		Release|Any CPU = Release|Any CPU
	EndGlobalSection
	GlobalSection(ProjectConfigurationPlatforms) = postSolution
		{E687DC53-CC13-4E3A-8A25-134A109A98A4}.Debug|Any CPU.ActiveCfg = Debug|Any CPU
		{E687DC53-CC13-4E3A-8A25-134A109A98A4}.Debug|Any CPU.Build.0 = Debug|Any CPU
		{E687DC53-CC13-4E3A-8A25-134A109A98A4}.Release|Any CPU.ActiveCfg = Release|Any CPU
		{E687DC53-CC13-4E3A-8A25-134A109A98A4}.Release|Any CPU.Build.0 = Release|Any CPU
	EndGlobalSection
EndGlobal
